
Microsoft Visual Studio Solution File, Format Version 12.00
# Visual Studio 2013
VisualStudioVersion = 12.0.0.0
MinimumVisualStudioVersion = 10.0.0.1
Project("{FAE04EC0-301F-11D3-BF4B-00C04F79EFBC}") = "TS.Pisa", "TS.Pisa/TS.Pisa.csproj", "{096EDEB7-9912-45BC-9C51-A7E871E58C4E}"
EndProject
Project("{FAE04EC0-301F-11D3-BF4B-00C04F79EFBC}") = "TS.Pisa.Example", "TS.Pisa.Example\TS.Pisa.Example.csproj", "{5C8CA288-1771-4ED0-A3AB-8A234523379F}"
EndProject
Project("{FAE04EC0-301F-11D3-BF4B-00C04F79EFBC}") = "TS.Pisa.FI", "TS.Pisa.FI\TS.Pisa.FI\TS.Pisa.FI.csproj", "{F788BD2C-B6B9-49AB-AC22-937A92019E27}"
EndProject
Global
	GlobalSection(SolutionConfigurationPlatforms) = preSolution
		Debug|Any CPU = Debug|Any CPU
		Release|Any CPU = Release|Any CPU
	EndGlobalSection
	GlobalSection(ProjectConfigurationPlatforms) = postSolution
		{096EDEB7-9912-45BC-9C51-A7E871E58C4E}.Debug|Any CPU.ActiveCfg = Debug|Any CPU
		{096EDEB7-9912-45BC-9C51-A7E871E58C4E}.Debug|Any CPU.Build.0 = Debug|Any CPU
		{096EDEB7-9912-45BC-9C51-A7E871E58C4E}.Release|Any CPU.ActiveCfg = Release|Any CPU
		{096EDEB7-9912-45BC-9C51-A7E871E58C4E}.Release|Any CPU.Build.0 = Release|Any CPU
		{5C8CA288-1771-4ED0-A3AB-8A234523379F}.Debug|Any CPU.ActiveCfg = Debug|Any CPU
		{5C8CA288-1771-4ED0-A3AB-8A234523379F}.Debug|Any CPU.Build.0 = Debug|Any CPU
		{5C8CA288-1771-4ED0-A3AB-8A234523379F}.Release|Any CPU.ActiveCfg = Release|Any CPU
		{5C8CA288-1771-4ED0-A3AB-8A234523379F}.Release|Any CPU.Build.0 = Release|Any CPU
		{F788BD2C-B6B9-49AB-AC22-937A92019E27}.Debug|Any CPU.ActiveCfg = Debug|Any CPU
		{F788BD2C-B6B9-49AB-AC22-937A92019E27}.Debug|Any CPU.Build.0 = Debug|Any CPU
		{F788BD2C-B6B9-49AB-AC22-937A92019E27}.Release|Any CPU.ActiveCfg = Release|Any CPU
		{F788BD2C-B6B9-49AB-AC22-937A92019E27}.Release|Any CPU.Build.0 = Release|Any CPU
	EndGlobalSection
	GlobalSection(SolutionProperties) = preSolution
		HideSolutionNode = FALSE
	EndGlobalSection
EndGlobal
